--index-url https://pypi.org/simple
# Windows CPU and CUDA share these addon packages. No Torch/CUDA reinstall.
# Must use --no-deps and a separate target; Torch/NumPy stay in the shared worker.
# Hashes verified with official PyPI metadata or copied from the shared lock.
# Small compatible helpers can coexist with an older reused read-only runtime.
hydra-core==1.3.2 \
    --hash=sha256:fa0238a9e31df3373b35b0bfb672c34cc92718d21f81311d8996a16de1141d8b
silero-vad==6.2.3 \
    --hash=sha256:7b7f5436cfcb02fae583a05b512ea96467fd449fe54cb49a5e4f06c51a1e43b8

omegaconf==2.3.1 \
    --hash=sha256:3d701d14e9a8828f1edd28bb70b725908b34277cdd72cf7d6a83f94dadc6b6a0 \
    --hash=sha256:e5e7de64aeebeddaf8e6d3f7a783b32ac2a01c0fbd9c878012caecb891a1f42a
    # via pyannote-audio
    # from https://pypi.org/simple
antlr4-python3-runtime==4.9.3 \
    --hash=sha256:f224469b4168294902bb1efa80a8bf7855f24c99aef99cbefc1bcd3cce77881b
    # via omegaconf
    # from https://pypi.org/simple
sentencepiece==0.2.2 \
    --hash=sha256:046b15ea22d8042e2e173561d464ec3b64a9c2081324df70ebce7bf7ebb3e497 \
    --hash=sha256:0e2aae42960392d6dcb9a72d8e1e65a97294c965071b43c7b3429a42f350250e \
    --hash=sha256:1120e0791540615e650b2e9bea835bf38a7362455d8ab62dee7968219c2d79a0 \
    --hash=sha256:1402d8ee36f0d851cea8eee4dbb85fea14643b7503cf4d00d102eec0fe3ca719 \
    --hash=sha256:1416b92f2f010333786fe6306ed2631121d5ea492219b0841e967b6765e64107 \
    --hash=sha256:16c84ddef8d3084a8af37208acd365b08092ca089080f1a71fbfdd911adda9b3 \
    --hash=sha256:1edb10e520e4bddf74d85b0f5ae74cc2d60c2b448885080bfb618bc2b3a49f6b \
    --hash=sha256:201a8e0f55501a76e08dbf2c54bc45f4642b379271e89c667d517bfbc2191f2a \
    --hash=sha256:252908153eeec06c3ca3a32077e64a49d572e3d89881475b4e0f02d99d9fcc7c \
    --hash=sha256:38111ed1f79268f399c505028023d5eaaf0ab4e5eafceb709468b0d3323e7838 \
    --hash=sha256:3ab3f1ae98970b5590e2209341522718900ba19bcc2c207ffaa6bd417ad960c5 \
    --hash=sha256:3d2b5e824b5622038dc7b490897efe05ebbbb9e7350fc142f3ecc8789ef9bdf6 \
    --hash=sha256:3ec27c152a1f1b24bc9168b55a5880f3c16e2334e697da6f55a1046a22405a3d \
    --hash=sha256:3f5851441ab1ef8634963a5100b733a8bbeefe623e0c5c005b1f1f3880e574cf \
    --hash=sha256:3fd9ce2ab4460c713cfdeb4aca693ca6732a11538e05fb332d5af42e3d7fde25 \
    --hash=sha256:44284adc6fbe9d5bdd480541431a3d93f674fa44736714d3ad4bcee8283ace7d \
    --hash=sha256:443ac618c7a2a1377cf5c82581fbb849591d14e656d5e5a3e4682d4e36a34e4e \
    --hash=sha256:46ba07b543add034de0ff47ac5f907e9a06682f91d85121a972764628933be6b \
    --hash=sha256:4f0603267cd15b92b68c2c0e852a441507614b70dc7773659baa6b8c214a91fd \
    --hash=sha256:524e2a85c028a0d2f9935191fa751e5ef9d9bcc39616f70ab14b28d0369c9936 \
    --hash=sha256:54a83df9260a89c1734256e620fe1f1a6bfedd7547139d4dc1384efac11a3a85 \
    --hash=sha256:59d6588712101ccfcae9b03692be3aaae1514c2078666d7b05f15ba3a702e41b \
    --hash=sha256:63250cfab8b80a1ef82a614eb2b3cadfec2c405f870cedc139d08e2f063eb708 \
    --hash=sha256:64b656f025355cf8c51abe9fbe3848540756c6d7ca5e6791b1afa664bc24c7cb \
    --hash=sha256:65d84ec36888de4a848eee5f910e67fbc79b064685ef1e10a502e14520ead9c9 \
    --hash=sha256:69e9dc8078e128286ed3b975e37c837ba96e215a50c3ef9f3f8b7ab9e5a832a0 \
    --hash=sha256:6dd76f3e5c8b2eb8a3a3efee787bbf5b9a66e52a048fe09cab85eca33fec6790 \
    --hash=sha256:70d4ca6f4d06df7f0ccab6fe4f49c8a712c8c8b6847b4f0af9a0e1dbb0e0337e \
    --hash=sha256:72b7825b331b1b7e7c45be2e674b3e3c65af608fa376bad2d851b20aaf0cdc78 \
    --hash=sha256:741b4b367140e9b5c36b5a14c72179f2c946d991ea9a7c031a2a1ee6ad097b99 \
    --hash=sha256:74f0ee601047c0c12a783088b51be4e6214a62ecd9e02278c477433cd16e0ed9 \
    --hash=sha256:76ff5814db72e7462dece042d7593cdf102b8ec82c2b1cc201a2add34ee3050d \
    --hash=sha256:77c3ce990b23441e5ecfa5bce181fd6f408b564aeb6d7e1d1e7de9c5612501c8 \
    --hash=sha256:79bac5a251f23a7341e28fda9ce0d5319edf45328239ce037c0682936f137906 \
    --hash=sha256:7c6e7bf684dc12145bfa685d3060beaea55139134ba848289bee514ed42e7383 \
    --hash=sha256:7fc14c1585139fa6b68775e616a6b90cf622ebf219f9558c0aeaf5d253ee6c9b \
    --hash=sha256:89625fb43765cccaa1443b9adb61f283e5fe4cb1536728205d06bada730caa53 \
    --hash=sha256:8b2db2056c97224e122054fd794543cde5d24b7cae28424f6e3eb79bbe08e42b \
    --hash=sha256:8d44b20234905ff022b7d535f79d1f823ad7670c9851cc4f03cdc34787cdb3ab \
    --hash=sha256:8eed98514bffe5ecac37f493f91869c351fbb05629328bfdbc08502c6c094dc0 \
    --hash=sha256:8f1f61592e7cabd45d49ce8cc0ef42ca655c091e037153754fb3fa59725b5914 \
    --hash=sha256:b23fe17779834d3c27aaf2edac9486d04cca1a7deb8f5facda35150ac6263a91 \
    --hash=sha256:bc7b0b1da20f856bfac5f84b2673fe534b167e41980b27442ca8f78c2b7eb77e \
    --hash=sha256:c62bd361cec1f5b556eb8210264ecfff37486cd990c3386cc00310f26c54090a \
    --hash=sha256:c76c9b3324efd79029eeb0fd2ced1964bdbeca7d45e030b46fa3ef3cf74f8032 \
    --hash=sha256:c798f0b327bac10dc95cdac77b9a197ab2bd7dd1e60ebd7586a12d918d4be711 \
    --hash=sha256:c8a168b040bc61681293f79a949b5d911c8e25086f4260285b8d97ab5f1195da \
    --hash=sha256:caad9566e2ef0e5640d36032c69b0edc7ac6028277b93d93815898804fac450c \
    --hash=sha256:cbce24284f51f71d10a42b7b9c964dcb9048b28f1c8e5db40bcbcb6f428cba6a \
    --hash=sha256:cd810878180a52950e5a61f25ada5248a453bbdbafe474f89514135fbc1f633d \
    --hash=sha256:d254c98ca6387655400b3959c33c83efd807f5edeb608e3aca45800ceaa77151 \
    --hash=sha256:d795c4ac689a57f9d4ba2288126ec7901d389ad5827d2f8b8533c883974fe563 \
    --hash=sha256:df88b0c34f2fa909d322f7b06b1398e1e81af4b2f42a7b8e3556f928b25d1811 \
    --hash=sha256:eb8da9d9a9b418422c21a07fd19b9d9228692b7a7468a45eec6b11642d3c808b \
    --hash=sha256:f7c06c751c19d923435a54bff4f7e66e728fad160e8da28254f133abc9725820 \
    --hash=sha256:fa9f5ef0e2a82233dd0b8b32ea3f5710e0c44afbc07ed3620219f32601e56090 \
    --hash=sha256:fd523c4992041faa5c2b3cde62253d11a96c30d73a34afe48a486e8e2254cd1c
    # via speechbrain
    # from https://pypi.org/simple
pyyaml==6.0.2 \
    --hash=sha256:01179a4a8559ab5de078078f37e5c1a30d76bb88519906844fd7bdea1b7729ff \
    --hash=sha256:0833f8694549e586547b576dcfaba4a6b55b9e96098b36cdc7ebefe667dfed48 \
    --hash=sha256:0a9a2848a5b7feac301353437eb7d5957887edbf81d56e903999a75a3d743086 \
    --hash=sha256:0b69e4ce7a131fe56b7e4d770c67429700908fc0752af059838b1cfb41960e4e \
    --hash=sha256:0ffe8360bab4910ef1b9e87fb812d8bc0a308b0d0eef8c8f44e0254ab3b07133 \
    --hash=sha256:11d8f3dd2b9c1207dcaf2ee0bbbfd5991f571186ec9cc78427ba5bd32afae4b5 \
    --hash=sha256:17e311b6c678207928d649faa7cb0d7b4c26a0ba73d41e99c4fff6b6c3276484 \
    --hash=sha256:1e2120ef853f59c7419231f3bf4e7021f1b936f6ebd222406c3b60212205d2ee \
    --hash=sha256:1f71ea527786de97d1a0cc0eacd1defc0985dcf6b3f17bb77dcfc8c34bec4dc5 \
    --hash=sha256:23502f431948090f597378482b4812b0caae32c22213aecf3b55325e049a6c68 \
    --hash=sha256:24471b829b3bf607e04e88d79542a9d48bb037c2267d7927a874e6c205ca7e9a \
    --hash=sha256:29717114e51c84ddfba879543fb232a6ed60086602313ca38cce623c1d62cfbf \
    --hash=sha256:2e99c6826ffa974fe6e27cdb5ed0021786b03fc98e5ee3c5bfe1fd5015f42b99 \
    --hash=sha256:39693e1f8320ae4f43943590b49779ffb98acb81f788220ea932a6b6c51004d8 \
    --hash=sha256:3ad2a3decf9aaba3d29c8f537ac4b243e36bef957511b4766cb0057d32b0be85 \
    --hash=sha256:3b1fdb9dc17f5a7677423d508ab4f243a726dea51fa5e70992e59a7411c89d19 \
    --hash=sha256:41e4e3953a79407c794916fa277a82531dd93aad34e29c2a514c2c0c5fe971cc \
    --hash=sha256:43fa96a3ca0d6b1812e01ced1044a003533c47f6ee8aca31724f78e93ccc089a \
    --hash=sha256:50187695423ffe49e2deacb8cd10510bc361faac997de9efef88badc3bb9e2d1 \
    --hash=sha256:5ac9328ec4831237bec75defaf839f7d4564be1e6b25ac710bd1a96321cc8317 \
    --hash=sha256:5d225db5a45f21e78dd9358e58a98702a0302f2659a3c6cd320564b75b86f47c \
    --hash=sha256:6395c297d42274772abc367baaa79683958044e5d3835486c16da75d2a694631 \
    --hash=sha256:688ba32a1cffef67fd2e9398a2efebaea461578b0923624778664cc1c914db5d \
    --hash=sha256:68ccc6023a3400877818152ad9a1033e3db8625d899c72eacb5a668902e4d652 \
    --hash=sha256:70b189594dbe54f75ab3a1acec5f1e3faa7e8cf2f1e08d9b561cb41b845f69d5 \
    --hash=sha256:797b4f722ffa07cc8d62053e4cff1486fa6dc094105d13fea7b1de7d8bf71c9e \
    --hash=sha256:7c36280e6fb8385e520936c3cb3b8042851904eba0e58d277dca80a5cfed590b \
    --hash=sha256:7e7401d0de89a9a855c839bc697c079a4af81cf878373abd7dc625847d25cbd8 \
    --hash=sha256:80bab7bfc629882493af4aa31a4cfa43a4c57c83813253626916b8c7ada83476 \
    --hash=sha256:82d09873e40955485746739bcb8b4586983670466c23382c19cffecbf1fd8706 \
    --hash=sha256:8388ee1976c416731879ac16da0aff3f63b286ffdd57cdeb95f3f2e085687563 \
    --hash=sha256:8824b5a04a04a047e72eea5cec3bc266db09e35de6bdfe34c9436ac5ee27d237 \
    --hash=sha256:8b9c7197f7cb2738065c481a0461e50ad02f18c78cd75775628afb4d7137fb3b \
    --hash=sha256:9056c1ecd25795207ad294bcf39f2db3d845767be0ea6e6a34d856f006006083 \
    --hash=sha256:936d68689298c36b53b29f23c6dbb74de12b4ac12ca6cfe0e047bedceea56180 \
    --hash=sha256:9b22676e8097e9e22e36d6b7bda33190d0d400f345f23d4065d48f4ca7ae0425 \
    --hash=sha256:a4d3091415f010369ae4ed1fc6b79def9416358877534caf6a0fdd2146c87a3e \
    --hash=sha256:a8786accb172bd8afb8be14490a16625cbc387036876ab6ba70912730faf8e1f \
    --hash=sha256:a9f8c2e67970f13b16084e04f134610fd1d374bf477b17ec1599185cf611d725 \
    --hash=sha256:bc2fa7c6b47d6bc618dd7fb02ef6fdedb1090ec036abab80d4681424b84c1183 \
    --hash=sha256:c70c95198c015b85feafc136515252a261a84561b7b1d51e3384e0655ddf25ab \
    --hash=sha256:cc1c1159b3d456576af7a3e4d1ba7e6924cb39de8f67111c735f6fc832082774 \
    --hash=sha256:ce826d6ef20b1bc864f0a68340c8b3287705cae2f8b4b1d932177dcc76721725 \
    --hash=sha256:d584d9ec91ad65861cc08d42e834324ef890a082e591037abe114850ff7bbc3e \
    --hash=sha256:d7fded462629cfa4b685c5416b949ebad6cec74af5e2d42905d41e257e0869f5 \
    --hash=sha256:d84a1718ee396f54f3a086ea0a66d8e552b2ab2017ef8b420e92edbc841c352d \
    --hash=sha256:d8e03406cac8513435335dbab54c0d385e4a49e4945d2909a581c83647ca0290 \
    --hash=sha256:e10ce637b18caea04431ce14fabcf5c64a1c61ec9c56b071a4b7ca131ca52d44 \
    --hash=sha256:ec031d5d2feb36d1d1a24380e4db6d43695f3748343d99434e6f5f9156aaa2ed \
    --hash=sha256:ef6107725bd54b262d6dedcc2af448a266975032bc85ef0172c5f059da6325b4 \
    --hash=sha256:efdca5630322a10774e8e98e1af481aad470dd62c3170801852d752aa7a783ba \
    --hash=sha256:f753120cb8181e736c57ef7636e83f31b9c0d1722c516f7e86cf15b7aa57ff12 \
    --hash=sha256:ff3824dc5261f50c9b0dfb3be22b4567a6f938ccce4587b38952d85fd9e9afe4
    # via
    #   -r meeting_archive/resources/worker-common.in
    #   ctranslate2
    #   huggingface-hub
    #   hyperpyyaml
    #   lightning
    #   omegaconf
    #   optuna
    #   pyannote-database
    #   pyannote-pipeline
    #   pytorch-lightning
    # from https://pypi.org/simple
packaging==24.2 \
    --hash=sha256:09abb1bccd265c01f4a3aa3f7a7db064b36514d2cba19a2f694fe6150451a759 \
    --hash=sha256:c228a6dc5e932d346bc5739379109d49e8853dd8223571c7c5b55260edc0b97f
    # via
    #   -r meeting_archive/resources/worker-common.in
    #   huggingface-hub
    #   lazy-loader
    #   lightning
    #   lightning-utilities
    #   matplotlib
    #   onnxruntime
    #   optuna
    #   pooch
    #   pytorch-lightning
    #   speechbrain
    #   tensorboardx
    #   torch-pitch-shift
    #   torchmetrics
    # from https://pypi.org/simple
